<?xml version="1.0" encoding="utf-8"?>
<Project ToolsVersion="4.0" xmlns="http://schemas.microsoft.com/developer/msbuild/2003">
  <ItemGroup>
    <Filter Include="소스 파일">
      <UniqueIdentifier>{4FC737F1-C7A5-4376-A066-2A32D752A2FF}</UniqueIdentifier>
      <Extensions>cpp;c;cc;cxx;def;odl;idl;hpj;bat;asm;asmx</Extensions>
    </Filter>
    <Filter Include="헤더 파일">
      <UniqueIdentifier>{93995380-89BD-4b04-88EB-625FBE52EBFB}</UniqueIdentifier>
      <Extensions>h;hh;hpp;hxx;hm;inl;inc;ipp;xsd</Extensions>
    </Filter>
    <Filter Include="리소스 파일">
      <UniqueIdentifier>{67DA6AB6-F800-4c08-8B7A-83BB121AAD01}</UniqueIdentifier>
      <Extensions>rc;ico;cur;bmp;dlg;rc2;rct;bin;rgs;gif;jpg;jpeg;jpe;resx;tiff;tif;png;wav;mfcribbon-ms</Extensions>
    </Filter>
    <Filter Include="소스 파일\01.FrameWork">
      <UniqueIdentifier>{12126891-3db1-4223-9575-599192f8172a}</UniqueIdentifier>
    </Filter>
    <Filter Include="헤더 파일\01.FrameWork">
      <UniqueIdentifier>{dc4295c4-5fe7-4332-9f6f-3b482a3a3490}</UniqueIdentifier>
    </Filter>
    <Filter Include="소스 파일\02.RenderingObj">
      <UniqueIdentifier>{0e7b3379-51bb-41c8-a928-3002949cc147}</UniqueIdentifier>
    </Filter>
    <Filter Include="헤더 파일\02.RenderingObj">
      <UniqueIdentifier>{9e725c49-8fbf-4444-914d-daf25f69f39a}</UniqueIdentifier>
    </Filter>
  </ItemGroup>
  <ItemGroup>
    <ClInclude Include="targetver.h">
      <Filter>헤더 파일</Filter>
    </ClInclude>
    <ClInclude Include="Camera.h">
      <Filter>헤더 파일</Filter>
    </ClInclude>
    <ClInclude Include="Player.h">
      <Filter>헤더 파일</Filter>
    </ClInclude>
    <ClInclude Include="CUI.h">
      <Filter>헤더 파일</Filter>
    </ClInclude>
    <ClInclude Include="DDSTextureLoader12.h">
      <Filter>헤더 파일\01.FrameWork</Filter>
    </ClInclude>
    <ClInclude Include="LabProject07-9-5(Animation).h">
      <Filter>헤더 파일\01.FrameWork</Filter>
    </ClInclude>
    <ClInclude Include="GameFramework.h">
      <Filter>헤더 파일\01.FrameWork</Filter>
    </ClInclude>
    <ClInclude Include="Define.h">
      <Filter>헤더 파일\01.FrameWork</Filter>
    </ClInclude>
    <ClInclude Include="Resource.h">
      <Filter>헤더 파일\01.FrameWork</Filter>
    </ClInclude>
    <ClInclude Include="WICTextureLoader12.h">
      <Filter>헤더 파일\01.FrameWork</Filter>
    </ClInclude>
    <ClInclude Include="stdafx.h">
      <Filter>헤더 파일\01.FrameWork</Filter>
    </ClInclude>
    <ClInclude Include="Object.h">
      <Filter>헤더 파일\02.RenderingObj</Filter>
    </ClInclude>
    <ClInclude Include="Scene.h">
      <Filter>헤더 파일\01.FrameWork</Filter>
    </ClInclude>
    <ClInclude Include="Shader.h">
      <Filter>헤더 파일\02.RenderingObj</Filter>
    </ClInclude>
    <ClInclude Include="Timer.h">
      <Filter>헤더 파일\01.FrameWork</Filter>
    </ClInclude>
    <ClInclude Include="Mesh.h">
      <Filter>헤더 파일\02.RenderingObj</Filter>
    </ClInclude>
    <ClInclude Include="CMonster.h">
      <Filter>헤더 파일</Filter>
    </ClInclude>
    <ClInclude Include="..\..\..\temp10\trunk\DuckyDoggyClient\Scene.h">
      <Filter>헤더 파일</Filter>
    </ClInclude>
    <ClInclude Include="SceneScreen.h">
      <Filter>헤더 파일</Filter>
    </ClInclude>
    <ClInclude Include="SoundMgr.h">
      <Filter>헤더 파일</Filter>
    </ClInclude>
  </ItemGroup>
  <ItemGroup>
    <ClCompile Include="Camera.cpp">
      <Filter>소스 파일</Filter>
    </ClCompile>
    <ClCompile Include="Player.cpp">
      <Filter>소스 파일</Filter>
    </ClCompile>
    <ClCompile Include="Scene.cpp">
      <Filter>소스 파일</Filter>
    </ClCompile>
    <ClCompile Include="CUI.cpp">
      <Filter>소스 파일</Filter>
    </ClCompile>
    <ClCompile Include="LabProject07-9-5(Animation).cpp">
      <Filter>소스 파일\01.FrameWork</Filter>
    </ClCompile>
    <ClCompile Include="WICTextureLoader12.cpp">
      <Filter>소스 파일\01.FrameWork</Filter>
    </ClCompile>
    <ClCompile Include="DDSTextureLoader12.cpp">
      <Filter>소스 파일\01.FrameWork</Filter>
    </ClCompile>
    <ClCompile Include="GameFramework.cpp">
      <Filter>소스 파일\01.FrameWork</Filter>
    </ClCompile>
    <ClCompile Include="stdafx.cpp">
      <Filter>소스 파일\01.FrameWork</Filter>
    </ClCompile>
    <ClCompile Include="Timer.cpp">
      <Filter>소스 파일\01.FrameWork</Filter>
    </ClCompile>
    <ClCompile Include="Object.cpp">
      <Filter>소스 파일\02.RenderingObj</Filter>
    </ClCompile>
    <ClCompile Include="Mesh.cpp">
      <Filter>소스 파일\02.RenderingObj</Filter>
    </ClCompile>
    <ClCompile Include="Shader.cpp">
      <Filter>소스 파일\02.RenderingObj</Filter>
    </ClCompile>
    <ClCompile Include="CMonster.cpp">
      <Filter>소스 파일</Filter>
    </ClCompile>
    <ClCompile Include="SceneScreen.cpp">
      <Filter>소스 파일</Filter>
    </ClCompile>
    <ClCompile Include="SoundMgr.cpp">
      <Filter>헤더 파일</Filter>
    </ClCompile>
  </ItemGroup>
  <ItemGroup>
    <ResourceCompile Include="LabProject07-9-5(Animation).rc">
      <Filter>리소스 파일</Filter>
    </ResourceCompile>
  </ItemGroup>
  <ItemGroup>
    <Image Include="small.ico">
      <Filter>리소스 파일</Filter>
    </Image>
    <Image Include="LabProject07-9-5(Animation).ico">
      <Filter>리소스 파일</Filter>
    </Image>
    <Image Include="Terrain\BASE2.dds">
      <Filter>리소스 파일</Filter>
    </Image>
    <Image Include="Terrain\tex1.dds">
      <Filter>리소스 파일</Filter>
    </Image>
    <Image Include="Skybox\SkyBox_0.dds">
      <Filter>리소스 파일</Filter>
    </Image>
    <Image Include="Terrain\terrainTex.tif">
      <Filter>리소스 파일</Filter>
    </Image>
  </ItemGroup>
  <ItemGroup>
    <None Include="Shaders.hlsl" />
    <None Include="Light.hlsl" />
  </ItemGroup>
  <ItemGroup>
    <Text Include="Sound\ref.txt" />
  </ItemGroup>
</Project>