
Microsoft Visual Studio Solution File, Format Version 12.00
# Visual Studio 15
VisualStudioVersion = 15.0.28010.2050
MinimumVisualStudioVersion = 10.0.40219.1
Project("{8BC9CEB8-8B4A-11D0-8D11-00A0C91BC942}") = "Server", "Server\Server.vcxproj", "{6B4AB0EF-4246-4F29-970F-687DA72024C2}"
EndProject
Global
	GlobalSection(SolutionConfigurationPlatforms) = preSolution
		Debug|x64 = Debug|x64
		Debug|x86 = Debug|x86
		Release|x64 = Release|x64
		Release|x86 = Release|x86
	EndGlobalSection
	GlobalSection(ProjectConfigurationPlatforms) = postSolution
		{6B4AB0EF-4246-4F29-970F-687DA72024C2}.Debug|x64.ActiveCfg = Debug|x64
		{6B4AB0EF-4246-4F29-970F-687DA72024C2}.Debug|x64.Build.0 = Debug|x64
		{6B4AB0EF-4246-4F29-970F-687DA72024C2}.Debug|x86.ActiveCfg = Debug|Win32
		{6B4AB0EF-4246-4F29-970F-687DA72024C2}.Debug|x86.Build.0 = Debug|Win32
		{6B4AB0EF-4246-4F29-970F-687DA72024C2}.Release|x64.ActiveCfg = Release|x64
		{6B4AB0EF-4246-4F29-970F-687DA72024C2}.Release|x64.Build.0 = Release|x64
		{6B4AB0EF-4246-4F29-970F-687DA72024C2}.Release|x86.ActiveCfg = Release|Win32
		{6B4AB0EF-4246-4F29-970F-687DA72024C2}.Release|x86.Build.0 = Release|Win32
	EndGlobalSection
	GlobalSection(SolutionProperties) = preSolution
		HideSolutionNode = FALSE
	EndGlobalSection
	GlobalSection(ExtensibilityGlobals) = postSolution
		SolutionGuid = {B7845BCA-3504-4E34-9CB2-02E32BFE557C}
	EndGlobalSection
EndGlobal
